Microsoft Visual Studio Solution File, Format Version 11.00
# Visual Studio 2010
Project("{8BC9CEB8-8B4A-11D0-8D11-00A0C91BC942}") = "mve", "mve.vcxproj", "{D86D0996-81F8-405E-80D6-157414320953}"
EndProject
Project("{8BC9CEB8-8B4A-11D0-8D11-00A0C91BC942}") = "mve_util", "mve_util.vcxproj", "{6026B7F2-329B-4541-8EA1-8CC187C1802B}"
EndProject
Project("{2150E333-8FDC-42A3-9474-1A3956D46DE8}") = "app", "app", "{77E74712-5BAF-4B2D-9D10-7C4DC2D39079}"
EndProject
Project("{8BC9CEB8-8B4A-11D0-8D11-00A0C91BC942}") = "mve_sfm", "mve_sfm.vcxproj", "{AD9FA635-DDA3-47F3-AA30-863873A38F2A}"
	ProjectSection(ProjectDependencies) = postProject
		{D86D0996-81F8-405E-80D6-157414320953} = {D86D0996-81F8-405E-80D6-157414320953}
		{6026B7F2-329B-4541-8EA1-8CC187C1802B} = {6026B7F2-329B-4541-8EA1-8CC187C1802B}
	EndProjectSection
EndProject
Project("{8BC9CEB8-8B4A-11D0-8D11-00A0C91BC942}") = "mve_dmrecon", "mve_dmrecon.vcxproj", "{E6A304F9-2473-463B-9DF4-E32006EDDD37}"
	ProjectSection(ProjectDependencies) = postProject
		{D86D0996-81F8-405E-80D6-157414320953} = {D86D0996-81F8-405E-80D6-157414320953}
		{6026B7F2-329B-4541-8EA1-8CC187C1802B} = {6026B7F2-329B-4541-8EA1-8CC187C1802B}
	EndProjectSection
EndProject
Project("{8BC9CEB8-8B4A-11D0-8D11-00A0C91BC942}") = "mve_fssr", "mve_fssr.vcxproj", "{9B96E5B6-7BE3-4452-BB8C-B3F0E9BBA11E}"
	ProjectSection(ProjectDependencies) = postProject
		{D86D0996-81F8-405E-80D6-157414320953} = {D86D0996-81F8-405E-80D6-157414320953}
		{6026B7F2-329B-4541-8EA1-8CC187C1802B} = {6026B7F2-329B-4541-8EA1-8CC187C1802B}
	EndProjectSection
EndProject
Project("{8BC9CEB8-8B4A-11D0-8D11-00A0C91BC942}") = "dmrecon", "dmrecon.vcxproj", "{0D4428FE-2C22-4BC6-A3A4-373C66F0481F}"
EndProject
Project("{8BC9CEB8-8B4A-11D0-8D11-00A0C91BC942}") = "sfmrecon", "sfmrecon.vcxproj", "{B5E62D55-7DCF-479B-8980-FC0E2D556EA7}"
EndProject
Project("{8BC9CEB8-8B4A-11D0-8D11-00A0C91BC942}") = "makescene", "makescene.vcxproj", "{E54F3ABB-3D72-418B-9B9A-6528FC37DFCC}"
EndProject
Project("{8BC9CEB8-8B4A-11D0-8D11-00A0C91BC942}") = "fssrecon", "fssrecon.vcxproj", "{E8745EF1-1AD5-4ADB-BC22-7A0DEAC55C8E}"
EndProject
Global
	GlobalSection(SolutionConfigurationPlatforms) = preSolution
		Debug|x64 = Debug|x64
		MinSizeRel|x64 = MinSizeRel|x64
		Release|x64 = Release|x64
		RelWithDebInfo|x64 = RelWithDebInfo|x64
	EndGlobalSection
	GlobalSection(ProjectConfigurationPlatforms) = postSolution
		{D86D0996-81F8-405E-80D6-157414320953}.Debug|x64.ActiveCfg = Debug|x64
		{D86D0996-81F8-405E-80D6-157414320953}.Debug|x64.Build.0 = Debug|x64
		{D86D0996-81F8-405E-80D6-157414320953}.MinSizeRel|x64.ActiveCfg = MinSizeRel|x64
		{D86D0996-81F8-405E-80D6-157414320953}.MinSizeRel|x64.Build.0 = MinSizeRel|x64
		{D86D0996-81F8-405E-80D6-157414320953}.Release|x64.ActiveCfg = Release|x64
		{D86D0996-81F8-405E-80D6-157414320953}.Release|x64.Build.0 = Release|x64
		{D86D0996-81F8-405E-80D6-157414320953}.RelWithDebInfo|x64.ActiveCfg = RelWithDebInfo|x64
		{D86D0996-81F8-405E-80D6-157414320953}.RelWithDebInfo|x64.Build.0 = RelWithDebInfo|x64
		{6026B7F2-329B-4541-8EA1-8CC187C1802B}.Debug|x64.ActiveCfg = Debug|x64
		{6026B7F2-329B-4541-8EA1-8CC187C1802B}.Debug|x64.Build.0 = Debug|x64
		{6026B7F2-329B-4541-8EA1-8CC187C1802B}.MinSizeRel|x64.ActiveCfg = MinSizeRel|x64
		{6026B7F2-329B-4541-8EA1-8CC187C1802B}.MinSizeRel|x64.Build.0 = MinSizeRel|x64
		{6026B7F2-329B-4541-8EA1-8CC187C1802B}.Release|x64.ActiveCfg = Release|x64
		{6026B7F2-329B-4541-8EA1-8CC187C1802B}.Release|x64.Build.0 = Release|x64
		{6026B7F2-329B-4541-8EA1-8CC187C1802B}.RelWithDebInfo|x64.ActiveCfg = RelWithDebInfo|x64
		{6026B7F2-329B-4541-8EA1-8CC187C1802B}.RelWithDebInfo|x64.Build.0 = RelWithDebInfo|x64
		{AD9FA635-DDA3-47F3-AA30-863873A38F2A}.Debug|x64.ActiveCfg = Debug|x64
		{AD9FA635-DDA3-47F3-AA30-863873A38F2A}.Debug|x64.Build.0 = Debug|x64
		{AD9FA635-DDA3-47F3-AA30-863873A38F2A}.MinSizeRel|x64.ActiveCfg = MinSizeRel|x64
		{AD9FA635-DDA3-47F3-AA30-863873A38F2A}.MinSizeRel|x64.Build.0 = MinSizeRel|x64
		{AD9FA635-DDA3-47F3-AA30-863873A38F2A}.Release|x64.ActiveCfg = Release|x64
		{AD9FA635-DDA3-47F3-AA30-863873A38F2A}.Release|x64.Build.0 = Release|x64
		{AD9FA635-DDA3-47F3-AA30-863873A38F2A}.RelWithDebInfo|x64.ActiveCfg = RelWithDebInfo|x64
		{AD9FA635-DDA3-47F3-AA30-863873A38F2A}.RelWithDebInfo|x64.Build.0 = RelWithDebInfo|x64
		{E6A304F9-2473-463B-9DF4-E32006EDDD37}.Debug|x64.ActiveCfg = Debug|x64
		{E6A304F9-2473-463B-9DF4-E32006EDDD37}.Debug|x64.Build.0 = Debug|x64
		{E6A304F9-2473-463B-9DF4-E32006EDDD37}.MinSizeRel|x64.ActiveCfg = MinSizeRel|x64
		{E6A304F9-2473-463B-9DF4-E32006EDDD37}.MinSizeRel|x64.Build.0 = MinSizeRel|x64
		{E6A304F9-2473-463B-9DF4-E32006EDDD37}.Release|x64.ActiveCfg = Release|x64
		{E6A304F9-2473-463B-9DF4-E32006EDDD37}.Release|x64.Build.0 = Release|x64
		{E6A304F9-2473-463B-9DF4-E32006EDDD37}.RelWithDebInfo|x64.ActiveCfg = RelWithDebInfo|x64
		{E6A304F9-2473-463B-9DF4-E32006EDDD37}.RelWithDebInfo|x64.Build.0 = RelWithDebInfo|x64
		{9B96E5B6-7BE3-4452-BB8C-B3F0E9BBA11E}.Debug|x64.ActiveCfg = Debug|x64
		{9B96E5B6-7BE3-4452-BB8C-B3F0E9BBA11E}.Debug|x64.Build.0 = Debug|x64
		{9B96E5B6-7BE3-4452-BB8C-B3F0E9BBA11E}.MinSizeRel|x64.ActiveCfg = MinSizeRel|x64
		{9B96E5B6-7BE3-4452-BB8C-B3F0E9BBA11E}.MinSizeRel|x64.Build.0 = MinSizeRel|x64
		{9B96E5B6-7BE3-4452-BB8C-B3F0E9BBA11E}.Release|x64.ActiveCfg = Release|x64
		{9B96E5B6-7BE3-4452-BB8C-B3F0E9BBA11E}.Release|x64.Build.0 = Release|x64
		{9B96E5B6-7BE3-4452-BB8C-B3F0E9BBA11E}.RelWithDebInfo|x64.ActiveCfg = RelWithDebInfo|x64
		{9B96E5B6-7BE3-4452-BB8C-B3F0E9BBA11E}.RelWithDebInfo|x64.Build.0 = RelWithDebInfo|x64
		{0D4428FE-2C22-4BC6-A3A4-373C66F0481F}.Debug|x64.ActiveCfg = Debug|x64
		{0D4428FE-2C22-4BC6-A3A4-373C66F0481F}.Debug|x64.Build.0 = Debug|x64
		{0D4428FE-2C22-4BC6-A3A4-373C66F0481F}.MinSizeRel|x64.ActiveCfg = MinSizeRel|x64
		{0D4428FE-2C22-4BC6-A3A4-373C66F0481F}.MinSizeRel|x64.Build.0 = MinSizeRel|x64
		{0D4428FE-2C22-4BC6-A3A4-373C66F0481F}.Release|x64.ActiveCfg = Release|x64
		{0D4428FE-2C22-4BC6-A3A4-373C66F0481F}.Release|x64.Build.0 = Release|x64
		{0D4428FE-2C22-4BC6-A3A4-373C66F0481F}.RelWithDebInfo|x64.ActiveCfg = RelWithDebInfo|x64
		{0D4428FE-2C22-4BC6-A3A4-373C66F0481F}.RelWithDebInfo|x64.Build.0 = RelWithDebInfo|x64
		{B5E62D55-7DCF-479B-8980-FC0E2D556EA7}.Debug|x64.ActiveCfg = Debug|x64
		{B5E62D55-7DCF-479B-8980-FC0E2D556EA7}.Debug|x64.Build.0 = Debug|x64
		{B5E62D55-7DCF-479B-8980-FC0E2D556EA7}.MinSizeRel|x64.ActiveCfg = MinSizeRel|x64
		{B5E62D55-7DCF-479B-8980-FC0E2D556EA7}.MinSizeRel|x64.Build.0 = MinSizeRel|x64
		{B5E62D55-7DCF-479B-8980-FC0E2D556EA7}.Release|x64.ActiveCfg = Release|x64
		{B5E62D55-7DCF-479B-8980-FC0E2D556EA7}.Release|x64.Build.0 = Release|x64
		{B5E62D55-7DCF-479B-8980-FC0E2D556EA7}.RelWithDebInfo|x64.ActiveCfg = RelWithDebInfo|x64
		{B5E62D55-7DCF-479B-8980-FC0E2D556EA7}.RelWithDebInfo|x64.Build.0 = RelWithDebInfo|x64
		{E54F3ABB-3D72-418B-9B9A-6528FC37DFCC}.Debug|x64.ActiveCfg = Debug|x64
		{E54F3ABB-3D72-418B-9B9A-6528FC37DFCC}.Debug|x64.Build.0 = Debug|x64
		{E54F3ABB-3D72-418B-9B9A-6528FC37DFCC}.MinSizeRel|x64.ActiveCfg = MinSizeRel|x64
		{E54F3ABB-3D72-418B-9B9A-6528FC37DFCC}.MinSizeRel|x64.Build.0 = MinSizeRel|x64
		{E54F3ABB-3D72-418B-9B9A-6528FC37DFCC}.Release|x64.ActiveCfg = Release|x64
		{E54F3ABB-3D72-418B-9B9A-6528FC37DFCC}.Release|x64.Build.0 = Release|x64
		{E54F3ABB-3D72-418B-9B9A-6528FC37DFCC}.RelWithDebInfo|x64.ActiveCfg = RelWithDebInfo|x64
		{E54F3ABB-3D72-418B-9B9A-6528FC37DFCC}.RelWithDebInfo|x64.Build.0 = RelWithDebInfo|x64
		{E8745EF1-1AD5-4ADB-BC22-7A0DEAC55C8E}.Debug|x64.ActiveCfg = Debug|x64
		{E8745EF1-1AD5-4ADB-BC22-7A0DEAC55C8E}.Debug|x64.Build.0 = Debug|x64
		{E8745EF1-1AD5-4ADB-BC22-7A0DEAC55C8E}.MinSizeRel|x64.ActiveCfg = MinSizeRel|x64
		{E8745EF1-1AD5-4ADB-BC22-7A0DEAC55C8E}.MinSizeRel|x64.Build.0 = MinSizeRel|x64
		{E8745EF1-1AD5-4ADB-BC22-7A0DEAC55C8E}.Release|x64.ActiveCfg = Release|x64
		{E8745EF1-1AD5-4ADB-BC22-7A0DEAC55C8E}.Release|x64.Build.0 = Release|x64
		{E8745EF1-1AD5-4ADB-BC22-7A0DEAC55C8E}.RelWithDebInfo|x64.ActiveCfg = RelWithDebInfo|x64
		{E8745EF1-1AD5-4ADB-BC22-7A0DEAC55C8E}.RelWithDebInfo|x64.Build.0 = RelWithDebInfo|x64
	EndGlobalSection
	GlobalSection(SolutionProperties) = preSolution
		HideSolutionNode = FALSE
	EndGlobalSection
	GlobalSection(NestedProjects) = preSolution
		{0D4428FE-2C22-4BC6-A3A4-373C66F0481F} = {77E74712-5BAF-4B2D-9D10-7C4DC2D39079}
		{B5E62D55-7DCF-479B-8980-FC0E2D556EA7} = {77E74712-5BAF-4B2D-9D10-7C4DC2D39079}
		{E54F3ABB-3D72-418B-9B9A-6528FC37DFCC} = {77E74712-5BAF-4B2D-9D10-7C4DC2D39079}
		{E8745EF1-1AD5-4ADB-BC22-7A0DEAC55C8E} = {77E74712-5BAF-4B2D-9D10-7C4DC2D39079}
	EndGlobalSection
EndGlobal
